
Microsoft Visual Studio Solution File, Format Version 12.00
# Visual Studio Version 16
VisualStudioVersion = 16.0.31605.320
MinimumVisualStudioVersion = 10.0.40219.1
Project("{9A19103F-16F7-4668-BE54-9A1E7A4F7556}") = "Gibson.Website", "Gibson.Website.csproj", "{450A8B7A-ACD0-4BBC-8281-38E780435A48}"
EndProject
Global
	GlobalSection(SolutionConfigurationPlatforms) = preSolution
		Debug|Any CPU = Debug|Any CPU
		Release|Any CPU = Release|Any CPU
	EndGlobalSection
	GlobalSection(ProjectConfigurationPlatforms) = postSolution
		{450A8B7A-ACD0-4BBC-8281-38E780435A48}.Debug|Any CPU.ActiveCfg = Debug|Any CPU
		{450A8B7A-ACD0-4BBC-8281-38E780435A48}.Debug|Any CPU.Build.0 = Debug|Any CPU
		{450A8B7A-ACD0-4BBC-8281-38E780435A48}.Release|Any CPU.ActiveCfg = Release|Any CPU
		{450A8B7A-ACD0-4BBC-8281-38E780435A48}.Release|Any CPU.Build.0 = Release|Any CPU
	EndGlobalSection
	GlobalSection(SolutionProperties) = preSolution
		HideSolutionNode = FALSE
	EndGlobalSection
	GlobalSection(ExtensibilityGlobals) = postSolution
		SolutionGuid = {3375EC7C-8C10-40F8-AFB0-263BE276DCD1}
	EndGlobalSection
EndGlobal
